// !$*UTF8*$!
{
	archiveVersion = 1;
	classes = {
	};
	objectVersion = 48;
	objects = {

/* Begin PBXBuildFile section */
		00A99F321FB4C00600AAFE15 /* AppDelegate.swift in Sources */ = {isa = PBXBuildFile; fileRef = 00A99F311FB4C00600AAFE15 /* AppDelegate.swift */; };
		00A99F341FB4C00600AAFE15 /* ViewController.swift in Sources */ = {isa = PBXBuildFile; fileRef = 00A99F331FB4C00600AAFE15 /* ViewController.swift */; };
		00A99F371FB4C00700AAFE15 /* Main.storyboard in Resources */ = {isa = PBXBuildFile; fileRef = 00A99F351FB4C00600AAFE15 /* Main.storyboard */; };
		00A99F391FB4C00700AAFE15 /* Assets.xcassets in Resources */ = {isa = PBXBuildFile; fileRef = 00A99F381FB4C00700AAFE15 /* Assets.xcassets */; };
		00A99F3C1FB4C00700AAFE15 /* LaunchScreen.storyboard in Resources */ = {isa = PBXBuildFile; fileRef = 00A99F3A1FB4C00700AAFE15 /* LaunchScreen.storyboard */; };
		00A99F471FB4C00700AAFE15 /* CalculatorTests.swift in Sources */ = {isa = PBXBuildFile; fileRef = 00A99F461FB4C00700AAFE15 /* CalculatorTests.swift */; };
		00A99F521FB4C00700AAFE15 /* CalculatorUITests.swift in Sources */ = {isa = PBXBuildFile; fileRef = 00A99F511FB4C00700AAFE15 /* CalculatorUITests.swift */; };
/* End PBXBuildFile section */

/* Begin PBXContainerItemProxy section */
		00A99F431FB4C00700AAFE15 /* PBXContainerItemProxy */ = {
			isa = PBXContainerItemProxy;
			containerPortal = 00A99F261FB4C00600AAFE15 /* Project object */;
			proxyType = 1;
			remoteGlobalIDString = 00A99F2D1FB4C00600AAFE15;
			remoteInfo = Calculator;
		};
		00A99F4E1FB4C00700AAFE15 /* PBXContainerItemProxy */ = {
			isa = PBXContainerItemProxy;
			containerPortal = 00A99F261FB4C00600AAFE15 /* Project object */;
			proxyType = 1;
			remoteGlobalIDString = 00A99F2D1FB4C00600AAFE15;
			remoteInfo = Calculator;
		};
/* End PBXContainerItemProxy section */

/* Begin PBXFileReference section */
		00A99F2E1FB4C00600AAFE15 /* Calculator.app */ = {isa = PBXFileReference; explicitFileType = wrapper.application; includeInIndex = 0; path = Calculator.app; sourceTree = BUILT_PRODUCTS_DIR; };
		00A99F311FB4C00600AAFE15 /* AppDelegate.swift */ = {isa = PBXFileReference; lastKnownFileType = sourcecode.swift; path = AppDelegate.swift; sourceTree = "<group>"; };
		00A99F331FB4C00600AAFE15 /* ViewController.swift */ = {isa = PBXFileReference; lastKnownFileType = sourcecode.swift; path = ViewController.swift; sourceTree = "<group>"; };
		00A99F361FB4C00600AAFE15 /* Base */ = {isa = PBXFileReference; lastKnownFileType = file.storyboard; name = Base; path = Base.lproj/Main.storyboard; sourceTree = "<group>"; };
		00A99F381FB4C00700AAFE15 /* Assets.xcassets */ = {isa = PBXFileReference; lastKnownFileType = folder.assetcatalog; path = Assets.xcassets; sourceTree = "<group>"; };
		00A99F3B1FB4C00700AAFE15 /* Base */ = {isa = PBXFileReference; lastKnownFileType = file.storyboard; name = Base; path = Base.lproj/LaunchScreen.storyboard; sourceTree = "<group>"; };
		00A99F3D1FB4C00700AAFE15 /* Info.plist */ = {isa = PBXFileReference; lastKnownFileType = text.plist.xml; path = Info.plist; sourceTree = "<group>"; };
		00A99F421FB4C00700AAFE15 /* CalculatorTests.xctest */ = {isa = PBXFileReference; explicitFileType = wrapper.cfbundle; includeInIndex = 0; path = CalculatorTests.xctest; sourceTree = BUILT_PRODUCTS_DIR; };
		00A99F461FB4C00700AAFE15 /* CalculatorTests.swift */ = {isa = PBXFileReference; lastKnownFileType = sourcecode.swift; path = CalculatorTests.swift; sourceTree = "<group>"; };
		00A99F481FB4C00700AAFE15 /* Info.plist */ = {isa = PBXFileReference; lastKnownFileType = text.plist.xml; path = Info.plist; sourceTree = "<group>"; };
		00A99F4D1FB4C00700AAFE15 /* CalculatorUITests.xctest */ = {isa = PBXFileReference; explicitFileType = wrapper.cfbundle; includeInIndex = 0; path = CalculatorUITests.xctest; sourceTree = BUILT_PRODUCTS_DIR; };
		00A99F511FB4C00700AAFE15 /* CalculatorUITests.swift */ = {isa = PBXFileReference; lastKnownFileType = sourcecode.swift; path = CalculatorUITests.swift; sourceTree = "<group>"; };
		00A99F531FB4C00700AAFE15 /* Info.plist */ = {isa = PBXFileReference; lastKnownFileType = text.plist.xml; path = Info.plist; sourceTree = "<group>"; };
/* End PBXFileReference section */

/* Begin PBXFrameworksBuildPhase section */
		00A99F2B1FB4C00600AAFE15 /* Frameworks */ = {
			isa = PBXFrameworksBuildPhase;
			buildActionMask = 2147483647;
			files = (
			);
			runOnlyForDeploymentPostprocessing = 0;
		};
		00A99F3F1FB4C00700AAFE15 /* Frameworks */ = {
			isa = PBXFrameworksBuildPhase;
			buildActionMask = 2147483647;
			files = (
			);
			runOnlyForDeploymentPostprocessing = 0;
		};
		00A99F4A1FB4C00700AAFE15 /* Frameworks */ = {
			isa = PBXFrameworksBuildPhase;
			buildActionMask = 2147483647;
			files = (
			);
			runOnlyForDeploymentPostprocessing = 0;
		};
/* End PBXFrameworksBuildPhase section */

/* Begin PBXGroup section */
		00A99F251FB4C00600AAFE15 = {
			isa = PBXGroup;
			children = (
				00A99F301FB4C00600AAFE15 /* Calculator */,
				00A99F451FB4C00700AAFE15 /* CalculatorTests */,
				00A99F501FB4C00700AAFE15 /* CalculatorUITests */,
				00A99F2F1FB4C00600AAFE15 /* Products */,
			);
			sourceTree = "<group>";
		};
		00A99F2F1FB4C00600AAFE15 /* Products */ = {
			isa = PBXGroup;
			children = (
				00A99F2E1FB4C00600AAFE15 /* Calculator.app */,
				00A99F421FB4C00700AAFE15 /* CalculatorTests.xctest */,
				00A99F4D1FB4C00700AAFE15 /* CalculatorUITests.xctest */,
			);
			name = Products;
			sourceTree = "<group>";
		};
		00A99F301FB4C00600AAFE15 /* Calculator */ = {
			isa = PBXGroup;
			children = (
				00A99F311FB4C00600AAFE15 /* AppDelegate.swift */,
				00A99F331FB4C00600AAFE15 /* ViewController.swift */,
				00A99F351FB4C00600AAFE15 /* Main.storyboard */,
				00A99F381FB4C00700AAFE15 /* Assets.xcassets */,
				00A99F3A1FB4C00700AAFE15 /* LaunchScreen.storyboard */,
				00A99F3D1FB4C00700AAFE15 /* Info.plist */,
			);
			path = Calculator;
			sourceTree = "<group>";
		};
		00A99F451FB4C00700AAFE15 /* CalculatorTests */ = {
			isa = PBXGroup;
			children = (
				00A99F461FB4C00700AAFE15 /* CalculatorTests.swift */,
				00A99F481FB4C00700AAFE15 /* Info.plist */,
			);
			path = CalculatorTests;
			sourceTree = "<group>";
		};
		00A99F501FB4C00700AAFE15 /* CalculatorUITests */ = {
			isa = PBXGroup;
			children = (
				00A99F511FB4C00700AAFE15 /* CalculatorUITests.swift */,
				00A99F531FB4C00700AAFE15 /* Info.plist */,
			);
			path = CalculatorUITests;
			sourceTree = "<group>";
		};
/* End PBXGroup section */

/* Begin PBXNativeTarget section */
		00A99F2D1FB4C00600AAFE15 /* Calculator */ = {
			isa = PBXNativeTarget;
			buildConfigurationList = 00A99F561FB4C00700AAFE15 /* Build configuration list for PBXNativeTarget "Calculator" */;
			buildPhases = (
				00A99F2A1FB4C00600AAFE15 /* Sources */,
				00A99F2B1FB4C00600AAFE15 /* Frameworks */,
				00A99F2C1FB4C00600AAFE15 /* Resources */,
			);
			buildRules = (
			);
			dependencies = (
			);
			name = Calculator;
			productName = Calculator;
			productReference = 00A99F2E1FB4C00600AAFE15 /* Calculator.app */;
			productType = "com.apple.product-type.application";
		};
		00A99F411FB4C00700AAFE15 /* CalculatorTests */ = {
			isa = PBXNativeTarget;
			buildConfigurationList = 00A99F591FB4C00700AAFE15 /* Build configuration list for PBXNativeTarget "CalculatorTests" */;
			buildPhases = (
				00A99F3E1FB4C00700AAFE15 /* Sources */,
				00A99F3F1FB4C00700AAFE15 /* Frameworks */,
				00A99F401FB4C00700AAFE15 /* Resources */,
			);
			buildRules = (
			);
			dependencies = (
				00A99F441FB4C00700AAFE15 /* PBXTargetDependency */,
			);
			name = CalculatorTests;
			productName = CalculatorTests;
			productReference = 00A99F421FB4C00700AAFE15 /* CalculatorTests.xctest */;
			productType = "com.apple.product-type.bundle.unit-test";
		};
		00A99F4C1FB4C00700AAFE15 /* CalculatorUITests */ = {
			isa = PBXNativeTarget;
			buildConfigurationList = 00A99F5C1FB4C00700AAFE15 /* Build configuration list for PBXNativeTarget "CalculatorUITests" */;
			buildPhases = (
				00A99F491FB4C00700AAFE15 /* Sources */,
				00A99F4A1FB4C00700AAFE15 /* Frameworks */,
				00A99F4B1FB4C00700AAFE15 /* Resources */,
			);
			buildRules = (
			);
			dependencies = (
				00A99F4F1FB4C00700AAFE15 /* PBXTargetDependency */,
			);
			name = CalculatorUITests;
			productName = CalculatorUITests;
			productReference = 00A99F4D1FB4C00700AAFE15 /* CalculatorUITests.xctest */;
			productType = "com.apple.product-type.bundle.ui-testing";
		};
/* End PBXNativeTarget section */

/* Begin PBXProject section */
		00A99F261FB4C00600AAFE15 /* Project object */ = {
			isa = PBXProject;
			attributes = {
				LastSwiftUpdateCheck = 0910;
				LastUpgradeCheck = 0910;
				ORGANIZATIONNAME = " Robin Smith";
				TargetAttributes = {
					00A99F2D1FB4C00600AAFE15 = {
						CreatedOnToolsVersion = 9.1;
						ProvisioningStyle = Automatic;
					};
					00A99F411FB4C00700AAFE15 = {
						CreatedOnToolsVersion = 9.1;
						ProvisioningStyle = Automatic;
						TestTargetID = 00A99F2D1FB4C00600AAFE15;
					};
					00A99F4C1FB4C00700AAFE15 = {
						CreatedOnToolsVersion = 9.1;
						ProvisioningStyle = Automatic;
						TestTargetID = 00A99F2D1FB4C00600AAFE15;
					};
				};
			};
			buildConfigurationList = 00A99F291FB4C00600AAFE15 /* Build configuration list for PBXProject "Calculator" */;
			compatibilityVersion = "Xcode 8.0";
			developmentRegion = en;
			hasScannedForEncodings = 0;
			knownRegions = (
				en,
				Base,
			);
			mainGroup = 00A99F251FB4C00600AAFE15;
			productRefGroup = 00A99F2F1FB4C00600AAFE15 /* Products */;
			projectDirPath = "";
			projectRoot = "";
			targets = (
				00A99F2D1FB4C00600AAFE15 /* Calculator */,
				00A99F411FB4C00700AAFE15 /* CalculatorTests */,
				00A99F4C1FB4C00700AAFE15 /* CalculatorUITests */,
			);
		};
/* End PBXProject section */

/* Begin PBXResourcesBuildPhase section */
		00A99F2C1FB4C00600AAFE15 /* Resources */ = {
			isa = PBXResourcesBuildPhase;
			buildActionMask = 2147483647;
			files = (
				00A99F3C1FB4C00700AAFE15 /* LaunchScreen.storyboard in Resources */,
				00A99F391FB4C00700AAFE15 /* Assets.xcassets in Resources */,
				00A99F371FB4C00700AAFE15 /* Main.storyboard in Resources */,
			);
			runOnlyForDeploymentPostprocessing = 0;
		};
		00A99F401FB4C00700AAFE15 /* Resources */ = {
			isa = PBXResourcesBuildPhase;
			buildActionMask = 2147483647;
			files = (
			);
			runOnlyForDeploymentPostprocessing = 0;
		};
		00A99F4B1FB4C00700AAFE15 /* Resources */ = {
			isa = PBXResourcesBuildPhase;
			buildActionMask = 2147483647;
			files = (
			);
			runOnlyForDeploymentPostprocessing = 0;
		};
/* End PBXResourcesBuildPhase section */

/* Begin PBXSourcesBuildPhase section */
		00A99F2A1FB4C00600AAFE15 /* Sources */ = {
			isa = PBXSourcesBuildPhase;
			buildActionMask = 2147483647;
			files = (
				00A99F341FB4C00600AAFE15 /* ViewController.swift in Sources */,
				00A99F321FB4C00600AAFE15 /* AppDelegate.swift in Sources */,
			);
			runOnlyForDeploymentPostprocessing = 0;
		};
		00A99F3E1FB4C00700AAFE15 /* Sources */ = {
			isa = PBXSourcesBuildPhase;
			buildActionMask = 2147483647;
			files = (
				00A99F471FB4C00700AAFE15 /* CalculatorTests.swift in Sources */,
			);
			runOnlyForDeploymentPostprocessing = 0;
		};
		00A99F491FB4C00700AAFE15 /* Sources */ = {
			isa = PBXSourcesBuildPhase;
			buildActionMask = 2147483647;
			files = (
				00A99F521FB4C00700AAFE15 /* CalculatorUITests.swift in Sources */,
			);
			runOnlyForDeploymentPostprocessing = 0;
		};
/* End PBXSourcesBuildPhase section */

/* Begin PBXTargetDependency section */
		00A99F441FB4C00700AAFE15 /* PBXTargetDependency */ = {
			isa = PBXTargetDependency;
			target = 00A99F2D1FB4C00600AAFE15 /* Calculator */;
			targetProxy = 00A99F431FB4C00700AAFE15 /* PBXContainerItemProxy */;
		};
		00A99F4F1FB4C00700AAFE15 /* PBXTargetDependency */ = {
			isa = PBXTargetDependency;
			target = 00A99F2D1FB4C00600AAFE15 /* Calculator */;
			targetProxy = 00A99F4E1FB4C00700AAFE15 /* PBXContainerItemProxy */;
		};
/* End PBXTargetDependency section */

/* Begin PBXVariantGroup section */
		00A99F351FB4C00600AAFE15 /* Main.storyboard */ = {
			isa = PBXVariantGroup;
			children = (
				00A99F361FB4C00600AAFE15 /* Base */,
			);
			name = Main.storyboard;
			sourceTree = "<group>";
		};
		00A99F3A1FB4C00700AAFE15 /* LaunchScreen.storyboard */ = {
			isa = PBXVariantGroup;
			children = (
				00A99F3B1FB4C00700AAFE15 /* Base */,
			);
			name = LaunchScreen.storyboard;
			sourceTree = "<group>";
		};
/* End PBXVariantGroup section */

/* Begin XCBuildConfiguration section */
		00A99F541FB4C00700AAFE15 /* Debug */ = {
			isa = XCBuildConfiguration;
			buildSettings = {
				ALWAYS_SEARCH_USER_PATHS = NO;
				CLANG_ANALYZER_NONNULL = YES;
				CLANG_ANALYZER_NUMBER_OBJECT_CONVERSION = YES_AGGRESSIVE;
				CLANG_CXX_LANGUAGE_STANDARD = "gnu++14";
				CLANG_CXX_LIBRARY = "libc++";
				CLANG_ENABLE_MODULES = YES;
				CLANG_ENABLE_OBJC_ARC = YES;
				CLANG_WARN_BLOCK_CAPTURE_AUTORELEASING = YES;
				CLANG_WARN_BOOL_CONVERSION = YES;
				CLANG_WARN_COMMA = YES;
				CLANG_WARN_CONSTANT_CONVERSION = YES;
				CLANG_WARN_DIRECT_OBJC_ISA_USAGE = YES_ERROR;
				CLANG_WARN_DOCUMENTATION_COMMENTS = YES;
				CLANG_WARN_EMPTY_BODY = YES;
				CLANG_WARN_ENUM_CONVERSION = YES;
				CLANG_WARN_INFINITE_RECURSION = YES;
				CLANG_WARN_INT_CONVERSION = YES;
				CLANG_WARN_NON_LITERAL_NULL_CONVERSION = YES;
				CLANG_WARN_OBJC_LITERAL_CONVERSION = YES;
				CLANG_WARN_OBJC_ROOT_CLASS = YES_ERROR;
				CLANG_WARN_RANGE_LOOP_ANALYSIS = YES;
				CLANG_WARN_STRICT_PROTOTYPES = YES;
				CLANG_WARN_SUSPICIOUS_MOVE = YES;
				CLANG_WARN_UNGUARDED_AVAILABILITY = YES_AGGRESSIVE;
				CLANG_WARN_UNREACHABLE_CODE = YES;
				CLANG_WARN__DUPLICATE_METHOD_MATCH = YES;
				CODE_SIGN_IDENTITY = "iPhone Developer";
				COPY_PHASE_STRIP = NO;
				DEBUG_INFORMATION_FORMAT = dwarf;
				ENABLE_STRICT_OBJC_MSGSEND = YES;
				ENABLE_TESTABILITY = YES;
				GCC_C_LANGUAGE_STANDARD = gnu11;
				GCC_DYNAMIC_NO_PIC = NO;
				GCC_NO_COMMON_BLOCKS = YES;
				GCC_OPTIMIZATION_LEVEL = 0;
				GCC_PREPROCESSOR_DEFINITIONS = (
					"DEBUG=1",
					"$(inherited)",
				);
				GCC_WARN_64_TO_32_BIT_CONVERSION = YES;
				GCC_WARN_ABOUT_RETURN_TYPE = YES_ERROR;
				GCC_WARN_UNDECLARED_SELECTOR = YES;
				GCC_WARN_UNINITIALIZED_AUTOS = YES_AGGRESSIVE;
				GCC_WARN_UNUSED_FUNCTION = YES;
				GCC_WARN_UNUSED_VARIABLE = YES;
				IPHONEOS_DEPLOYMENT_TARGET = 11.1;
				MTL_ENABLE_DEBUG_INFO = YES;
				ONLY_ACTIVE_ARCH = YES;
				SDKROOT = iphoneos;
				SWIFT_ACTIVE_COMPILATION_CONDITIONS = DEBUG;
				SWIFT_OPTIMIZATION_LEVEL = "-Onone";
			};
			name = Debug;
		};
		00A99F551FB4C00700AAFE15 /* Release */ = {
			isa = XCBuildConfiguration;
			buildSettings = {
				ALWAYS_SEARCH_USER_PATHS = NO;
				CLANG_ANALYZER_NONNULL = YES;
				CLANG_ANALYZER_NUMBER_OBJECT_CONVERSION = YES_AGGRESSIVE;
				CLANG_CXX_LANGUAGE_STANDARD = "gnu++14";
				CLANG_CXX_LIBRARY = "libc++";
				CLANG_ENABLE_MODULES = YES;
				CLANG_ENABLE_OBJC_ARC = YES;
				CLANG_WARN_BLOCK_CAPTURE_AUTORELEASING = YES;
				CLANG_WARN_BOOL_CONVERSION = YES;
				CLANG_WARN_COMMA = YES;
				CLANG_WARN_CONSTANT_CONVERSION = YES;
				CLANG_WARN_DIRECT_OBJC_ISA_USAGE = YES_ERROR;
				CLANG_WARN_DOCUMENTATION_COMMENTS = YES;
				CLANG_WARN_EMPTY_BODY = YES;
				CLANG_WARN_ENUM_CONVERSION = YES;
				CLANG_WARN_INFINITE_RECURSION = YES;
				CLANG_WARN_INT_CONVERSION = YES;
				CLANG_WARN_NON_LITERAL_NULL_CONVERSION = YES;
				CLANG_WARN_OBJC_LITERAL_CONVERSION = YES;
				CLANG_WARN_OBJC_ROOT_CLASS = YES_ERROR;
				CLANG_WARN_RANGE_LOOP_ANALYSIS = YES;
				CLANG_WARN_STRICT_PROTOTYPES = YES;
				CLANG_WARN_SUSPICIOUS_MOVE = YES;
				CLANG_WARN_UNGUARDED_AVAILABILITY = YES_AGGRESSIVE;
				CLANG_WARN_UNREACHABLE_CODE = YES;
				CLANG_WARN__DUPLICATE_METHOD_MATCH = YES;
				CODE_SIGN_IDENTITY = "iPhone Developer";
				COPY_PHASE_STRIP = NO;
				DEBUG_INFORMATION_FORMAT = "dwarf-with-dsym";
				ENABLE_NS_ASSERTIONS = NO;
				ENABLE_STRICT_OBJC_MSGSEND = YES;
				GCC_C_LANGUAGE_STANDARD = gnu11;
				GCC_NO_COMMON_BLOCKS = YES;
				GCC_WARN_64_TO_32_BIT_CONVERSION = YES;
				GCC_WARN_ABOUT_RETURN_TYPE = YES_ERROR;
				GCC_WARN_UNDECLARED_SELECTOR = YES;
				GCC_WARN_UNINITIALIZED_AUTOS = YES_AGGRESSIVE;
				GCC_WARN_UNUSED_FUNCTION = YES;
				GCC_WARN_UNUSED_VARIABLE = YES;
				IPHONEOS_DEPLOYMENT_TARGET = 11.1;
				MTL_ENABLE_DEBUG_INFO = NO;
				SDKROOT = iphoneos;
				SWIFT_OPTIMIZATION_LEVEL = "-Owholemodule";
				VALIDATE_PRODUCT = YES;
			};
			name = Release;
		};
		00A99F571FB4C00700AAFE15 /* Debug */ = {
			isa = XCBuildConfiguration;
			buildSettings = {
				ASSETCATALOG_COMPILER_APPICON_NAME = AppIcon;
				CODE_SIGN_STYLE = Automatic;
				DEVELOPMENT_TEAM = S94KPMQXV8;
				INFOPLIST_FILE = Calculator/Info.plist;
				LD_RUNPATH_SEARCH_PATHS = "$(inherited) @executable_path/Frameworks";
				PRODUCT_BUNDLE_IDENTIFIER = rsmith.io.Calculator;
				PRODUCT_NAME = "$(TARGET_NAME)";
				SWIFT_VERSION = 4.0;
				TARGETED_DEVICE_FAMILY = "1,2";
			};
			name = Debug;
		};
		00A99F581FB4C00700AAFE15 /* Release */ = {
			isa = XCBuildConfiguration;
			buildSettings = {
				ASSETCATALOG_COMPILER_APPICON_NAME = AppIcon;
				CODE_SIGN_STYLE = Automatic;
				DEVELOPMENT_TEAM = S94KPMQXV8;
				INFOPLIST_FILE = Calculator/Info.plist;
				LD_RUNPATH_SEARCH_PATHS = "$(inherited) @executable_path/Frameworks";
				PRODUCT_BUNDLE_IDENTIFIER = rsmith.io.Calculator;
				PRODUCT_NAME = "$(TARGET_NAME)";
				SWIFT_VERSION = 4.0;
				TARGETED_DEVICE_FAMILY = "1,2";
			};
			name = Release;
		};
		00A99F5A1FB4C00700AAFE15 /* Debug */ = {
			isa = XCBuildConfiguration;
			buildSettings = {
				ALWAYS_EMBED_SWIFT_STANDARD_LIBRARIES = YES;
				BUNDLE_LOADER = "$(TEST_HOST)";
				CODE_SIGN_STYLE = Automatic;
				DEVELOPMENT_TEAM = S94KPMQXV8;
				INFOPLIST_FILE = CalculatorTests/Info.plist;
				LD_RUNPATH_SEARCH_PATHS = "$(inherited) @executable_path/Frameworks @loader_path/Frameworks";
				PRODUCT_BUNDLE_IDENTIFIER = rsmith.io.CalculatorTests;
				PRODUCT_NAME = "$(TARGET_NAME)";
				SWIFT_VERSION = 4.0;
				TARGETED_DEVICE_FAMILY = "1,2";
				TEST_HOST = "$(BUILT_PRODUCTS_DIR)/Calculator.app/Calculator";
			};
			name = Debug;
		};
		00A99F5B1FB4C00700AAFE15 /* Release */ = {
			isa = XCBuildConfiguration;
			buildSettings = {
				ALWAYS_EMBED_SWIFT_STANDARD_LIBRARIES = YES;
				BUNDLE_LOADER = "$(TEST_HOST)";
				CODE_SIGN_STYLE = Automatic;
				DEVELOPMENT_TEAM = S94KPMQXV8;
				INFOPLIST_FILE = CalculatorTests/Info.plist;
				LD_RUNPATH_SEARCH_PATHS = "$(inherited) @executable_path/Frameworks @loader_path/Frameworks";
				PRODUCT_BUNDLE_IDENTIFIER = rsmith.io.CalculatorTests;
				PRODUCT_NAME = "$(TARGET_NAME)";
				SWIFT_VERSION = 4.0;
				TARGETED_DEVICE_FAMILY = "1,2";
				TEST_HOST = "$(BUILT_PRODUCTS_DIR)/Calculator.app/Calculator";
			};
			name = Release;
		};
		00A99F5D1FB4C00700AAFE15 /* Debug */ = {
			isa = XCBuildConfiguration;
			buildSettings = {
				ALWAYS_EMBED_SWIFT_STANDARD_LIBRARIES = YES;
				CODE_SIGN_STYLE = Automatic;
				DEVELOPMENT_TEAM = S94KPMQXV8;
				INFOPLIST_FILE = CalculatorUITests/Info.plist;
				LD_RUNPATH_SEARCH_PATHS = "$(inherited) @executable_path/Frameworks @loader_path/Frameworks";
				PRODUCT_BUNDLE_IDENTIFIER = rsmith.io.CalculatorUITests;
				PRODUCT_NAME = "$(TARGET_NAME)";
				SWIFT_VERSION = 4.0;
				TARGETED_DEVICE_FAMILY = "1,2";
				TEST_TARGET_NAME = Calculator;
			};
			name = Debug;
		};
		00A99F5E1FB4C00700AAFE15 /* Release */ = {
			isa = XCBuildConfiguration;
			buildSettings = {
				ALWAYS_EMBED_SWIFT_STANDARD_LIBRARIES = YES;
				CODE_SIGN_STYLE = Automatic;
				DEVELOPMENT_TEAM = S94KPMQXV8;
				INFOPLIST_FILE = CalculatorUITests/Info.plist;
				LD_RUNPATH_SEARCH_PATHS = "$(inherited) @executable_path/Frameworks @loader_path/Frameworks";
				PRODUCT_BUNDLE_IDENTIFIER = rsmith.io.CalculatorUITests;
				PRODUCT_NAME = "$(TARGET_NAME)";
				SWIFT_VERSION = 4.0;
				TARGETED_DEVICE_FAMILY = "1,2";
				TEST_TARGET_NAME = Calculator;
			};
			name = Release;
		};
/* End XCBuildConfiguration section */

/* Begin XCConfigurationList section */
		00A99F291FB4C00600AAFE15 /* Build configuration list for PBXProject "Calculator" */ = {
			isa = XCConfigurationList;
			buildConfigurations = (
				00A99F541FB4C00700AAFE15 /* Debug */,
				00A99F551FB4C00700AAFE15 /* Release */,
			);
			defaultConfigurationIsVisible = 0;
			defaultConfigurationName = Release;
		};
		00A99F561FB4C00700AAFE15 /* Build configuration list for PBXNativeTarget "Calculator" */ = {
			isa = XCConfigurationList;
			buildConfigurations = (
				00A99F571FB4C00700AAFE15 /* Debug */,
				00A99F581FB4C00700AAFE15 /* Release */,
			);
			defaultConfigurationIsVisible = 0;
			defaultConfigurationName = Release;
		};
		00A99F591FB4C00700AAFE15 /* Build configuration list for PBXNativeTarget "CalculatorTests" */ = {
			isa = XCConfigurationList;
			buildConfigurations = (
				00A99F5A1FB4C00700AAFE15 /* Debug */,
				00A99F5B1FB4C00700AAFE15 /* Release */,
			);
			defaultConfigurationIsVisible = 0;
			defaultConfigurationName = Release;
		};
		00A99F5C1FB4C00700AAFE15 /* Build configuration list for PBXNativeTarget "CalculatorUITests" */ = {
			isa = XCConfigurationList;
			buildConfigurations = (
				00A99F5D1FB4C00700AAFE15 /* Debug */,
				00A99F5E1FB4C00700AAFE15 /* Release */,
			);
			defaultConfigurationIsVisible = 0;
			defaultConfigurationName = Release;
		};
/* End XCConfigurationList section */
	};
	rootObject = 00A99F261FB4C00600AAFE15 /* Project object */;
}
